{
  "name": "credible",
  "version": "0.1.0",
  "lockfileVersion": 1,
  "requires": true,
  "dependencies": {
    "@progress/kendo-theme-bootstrap": {
      "version": "2.13.6",
      "resolved": "https://registry.npmjs.org/@progress/kendo-theme-bootstrap/-/kendo-theme-bootstrap-2.13.6.tgz",
      "integrity": "sha512-E1sIcUBGPt+pfV9thxNndgy7X91Mfoyd+ceJxPr8csI9PAgOR//2Btz5RhrLwrNX8T7W6XSSWc/GVTjQAJ9qmw==",
      "requires": {
        "@progress/kendo-theme-default": "2.54.0"
      }
    },
    "@progress/kendo-theme-default": {
      "version": "2.54.0",
      "resolved": "https://registry.npmjs.org/@progress/kendo-theme-default/-/kendo-theme-default-2.54.0.tgz",
      "integrity": "sha512-4AVqzARM52tKEN/mOp1fTJxsGKhTHPG8fJu/eT1Bbo232AmtfIdw1SYnRMLpeY7ZTnaKIcAdAj+EndBfiZEcEA=="
    }
  }
}
